
Microsoft Visual Studio Solution File, Format Version 12.00
# Visual Studio 15
VisualStudioVersion = 15.0.28307.1622
MinimumVisualStudioVersion = 10.0.40219.1
Project("{8BC9CEB8-8B4A-11D0-8D11-00A0C91BC942}") = "BackGround", "BackGround.vcxproj", "{EA3494FB-AA41-4A62-B535-002DF7D1021E}"
EndProject
Global
	GlobalSection(SolutionConfigurationPlatforms) = preSolution
		Release|Win32 = Release|Win32
	EndGlobalSection
	GlobalSection(ProjectConfigurationPlatforms) = postSolution
		{EA3494FB-AA41-4A62-B535-002DF7D1021E}.Release|Win32.ActiveCfg = Release|Win32
		{EA3494FB-AA41-4A62-B535-002DF7D1021E}.Release|Win32.Build.0 = Release|Win32
	EndGlobalSection
	GlobalSection(SolutionProperties) = preSolution
		HideSolutionNode = FALSE
	EndGlobalSection
	GlobalSection(ExtensibilityGlobals) = postSolution
		SolutionGuid = {0A81473F-EC09-4D0D-89FC-2FACAB946CC8}
	EndGlobalSection
EndGlobal
