
Microsoft Visual Studio Solution File, Format Version 11.00
# Visual Studio 2010
Project("{8BC9CEB8-8B4A-11D0-8D11-00A0C91BC942}") = "Sequence", "Sequence.vcxproj", "{1044A4CE-7FE1-C59C-1DD8-AB29203FDC6D}"
EndProject
Global
	GlobalSection(SolutionConfigurationPlatforms) = preSolution
		Release|Win32 = Release|Win32
	EndGlobalSection
	GlobalSection(ProjectConfigurationPlatforms) = postSolution
		{1044A4CE-7FE1-C59C-1DD8-AB29203FDC6D}.Release|Win32.ActiveCfg = Release|Win32
		{1044A4CE-7FE1-C59C-1DD8-AB29203FDC6D}.Release|Win32.Build.0 = Release|Win32
	EndGlobalSection
	GlobalSection(SolutionProperties) = preSolution
		HideSolutionNode = FALSE
	EndGlobalSection
EndGlobal
