
Microsoft Visual Studio Solution File, Format Version 11.00
# Visual Studio 2010
Project("{8BC9CEB8-8B4A-11D0-8D11-00A0C91BC942}") = "Image_Library", "Image_Library.vcxproj", "{BB4CB52E-8928-299E-936D-F6F7DC1D8EBF}"
EndProject
Global
	GlobalSection(SolutionConfigurationPlatforms) = preSolution
		Release|Win32 = Release|Win32
	EndGlobalSection
	GlobalSection(ProjectConfigurationPlatforms) = postSolution
		{BB4CB52E-8928-299E-936D-F6F7DC1D8EBF}.Release|Win32.ActiveCfg = Release|Win32
		{BB4CB52E-8928-299E-936D-F6F7DC1D8EBF}.Release|Win32.Build.0 = Release|Win32
	EndGlobalSection
	GlobalSection(SolutionProperties) = preSolution
		HideSolutionNode = FALSE
	EndGlobalSection
EndGlobal
